
Microsoft Visual Studio Solution File, Format Version 12.00
# Visual Studio Version 17
VisualStudioVersion = 17.11.35222.181
MinimumVisualStudioVersion = 10.0.40219.1
Project("{FAE04EC0-301F-11D3-BF4B-00C04F79EFBC}") = "BlazorApp1", "BlazorApp1\BlazorApp1.csproj", "{1C5DB7E7-15F8-4440-A9EC-05EC24F7B152}"
EndProject
Global
	GlobalSection(SolutionConfigurationPlatforms) = preSolution
		Debug|Any CPU = Debug|Any CPU
		Release|Any CPU = Release|Any CPU
	EndGlobalSection
	GlobalSection(ProjectConfigurationPlatforms) = postSolution
		{1C5DB7E7-15F8-4440-A9EC-05EC24F7B152}.Debug|Any CPU.ActiveCfg = Debug|Any CPU
		{1C5DB7E7-15F8-4440-A9EC-05EC24F7B152}.Debug|Any CPU.Build.0 = Debug|Any CPU
		{1C5DB7E7-15F8-4440-A9EC-05EC24F7B152}.Release|Any CPU.ActiveCfg = Release|Any CPU
		{1C5DB7E7-15F8-4440-A9EC-05EC24F7B152}.Release|Any CPU.Build.0 = Release|Any CPU
	EndGlobalSection
	GlobalSection(SolutionProperties) = preSolution
		HideSolutionNode = FALSE
	EndGlobalSection
	GlobalSection(ExtensibilityGlobals) = postSolution
		SolutionGuid = {3693F3EC-485D-441D-9E47-5B2984C5A50A}
	EndGlobalSection
EndGlobal
